// !$*UTF8*$!
{
	archiveVersion = 1;
	classes = {
	};
	objectVersion = 56;
	objects = {

/* Begin PBXBuildFile section */
		6E22A6382AE84765008D899E /*  CustomSwitchCell.swift in Sources */ = {isa = PBXBuildFile; fileRef = 6E22A6372AE84765008D899E /*  CustomSwitchCell.swift */; };
		6E22A63A2AE84C46008D899E /* Model.swift in Sources */ = {isa = PBXBuildFile; fileRef = 6E22A6392AE84C46008D899E /* Model.swift */; };
		6E22A63C2AEABE50008D899E /* StandartCell.swift in Sources */ = {isa = PBXBuildFile; fileRef = 6E22A63B2AEABE50008D899E /* StandartCell.swift */; };
		6E22A63E2AEAD259008D899E /* CustomNotificationCell.swift in Sources */ = {isa = PBXBuildFile; fileRef = 6E22A63D2AEAD259008D899E /* CustomNotificationCell.swift */; };
		6E93CCDE2AE72F74007CD1BF /* AppDelegate.swift in Sources */ = {isa = PBXBuildFile; fileRef = 6E93CCDD2AE72F74007CD1BF /* AppDelegate.swift */; };
		6E93CCE02AE72F74007CD1BF /* SceneDelegate.swift in Sources */ = {isa = PBXBuildFile; fileRef = 6E93CCDF2AE72F74007CD1BF /* SceneDelegate.swift */; };
		6E93CCE22AE72F74007CD1BF /* ViewController.swift in Sources */ = {isa = PBXBuildFile; fileRef = 6E93CCE12AE72F74007CD1BF /* ViewController.swift */; };
		6E93CCE52AE72F74007CD1BF /* Main.storyboard in Resources */ = {isa = PBXBuildFile; fileRef = 6E93CCE32AE72F74007CD1BF /* Main.storyboard */; };
		6E93CCE72AE72F76007CD1BF /* Assets.xcassets in Resources */ = {isa = PBXBuildFile; fileRef = 6E93CCE62AE72F76007CD1BF /* Assets.xcassets */; };
		6E93CCEA2AE72F76007CD1BF /* LaunchScreen.storyboard in Resources */ = {isa = PBXBuildFile; fileRef = 6E93CCE82AE72F76007CD1BF /* LaunchScreen.storyboard */; };
/* End PBXBuildFile section */

/* Begin PBXFileReference section */
		6E22A6372AE84765008D899E /*  CustomSwitchCell.swift */ = {isa = PBXFileReference; lastKnownFileType = sourcecode.swift; path = " CustomSwitchCell.swift"; sourceTree = "<group>"; };
		6E22A6392AE84C46008D899E /* Model.swift */ = {isa = PBXFileReference; lastKnownFileType = sourcecode.swift; path = Model.swift; sourceTree = "<group>"; };
		6E22A63B2AEABE50008D899E /* StandartCell.swift */ = {isa = PBXFileReference; lastKnownFileType = sourcecode.swift; path = StandartCell.swift; sourceTree = "<group>"; };
		6E22A63D2AEAD259008D899E /* CustomNotificationCell.swift */ = {isa = PBXFileReference; lastKnownFileType = sourcecode.swift; path = CustomNotificationCell.swift; sourceTree = "<group>"; };
		6E93CCDA2AE72F74007CD1BF /* HW13.app */ = {isa = PBXFileReference; explicitFileType = wrapper.application; includeInIndex = 0; path = HW13.app; sourceTree = BUILT_PRODUCTS_DIR; };
		6E93CCDD2AE72F74007CD1BF /* AppDelegate.swift */ = {isa = PBXFileReference; lastKnownFileType = sourcecode.swift; path = AppDelegate.swift; sourceTree = "<group>"; };
		6E93CCDF2AE72F74007CD1BF /* SceneDelegate.swift */ = {isa = PBXFileReference; lastKnownFileType = sourcecode.swift; path = SceneDelegate.swift; sourceTree = "<group>"; };
		6E93CCE12AE72F74007CD1BF /* ViewController.swift */ = {isa = PBXFileReference; lastKnownFileType = sourcecode.swift; path = ViewController.swift; sourceTree = "<group>"; };
		6E93CCE42AE72F74007CD1BF /* Base */ = {isa = PBXFileReference; lastKnownFileType = file.storyboard; name = Base; path = Base.lproj/Main.storyboard; sourceTree = "<group>"; };
		6E93CCE62AE72F76007CD1BF /* Assets.xcassets */ = {isa = PBXFileReference; lastKnownFileType = folder.assetcatalog; path = Assets.xcassets; sourceTree = "<group>"; };
		6E93CCE92AE72F76007CD1BF /* Base */ = {isa = PBXFileReference; lastKnownFileType = file.storyboard; name = Base; path = Base.lproj/LaunchScreen.storyboard; sourceTree = "<group>"; };
		6E93CCEB2AE72F76007CD1BF /* Info.plist */ = {isa = PBXFileReference; lastKnownFileType = text.plist.xml; path = Info.plist; sourceTree = "<group>"; };
/* End PBXFileReference section */

/* Begin PBXFrameworksBuildPhase section */
		6E93CCD72AE72F74007CD1BF /* Frameworks */ = {
			isa = PBXFrameworksBuildPhase;
			buildActionMask = 2147483647;
			files = (
			);
			runOnlyForDeploymentPostprocessing = 0;
		};
/* End PBXFrameworksBuildPhase section */

/* Begin PBXGroup section */
		6E93CCD12AE72F74007CD1BF = {
			isa = PBXGroup;
			children = (
				6E93CCDC2AE72F74007CD1BF /* HW13 */,
				6E93CCDB2AE72F74007CD1BF /* Products */,
			);
			sourceTree = "<group>";
		};
		6E93CCDB2AE72F74007CD1BF /* Products */ = {
			isa = PBXGroup;
			children = (
				6E93CCDA2AE72F74007CD1BF /* HW13.app */,
			);
			name = Products;
			sourceTree = "<group>";
		};
		6E93CCDC2AE72F74007CD1BF /* HW13 */ = {
			isa = PBXGroup;
			children = (
				6E93CCF22AE730C4007CD1BF /* Sources */,
				6E93CCF12AE73099007CD1BF /* Resources */,
			);
			path = HW13;
			sourceTree = "<group>";
		};
		6E93CCF12AE73099007CD1BF /* Resources */ = {
			isa = PBXGroup;
			children = (
				6E93CCEB2AE72F76007CD1BF /* Info.plist */,
				6E93CCE82AE72F76007CD1BF /* LaunchScreen.storyboard */,
				6E93CCE62AE72F76007CD1BF /* Assets.xcassets */,
				6E93CCE32AE72F74007CD1BF /* Main.storyboard */,
			);
			path = Resources;
			sourceTree = "<group>";
		};
		6E93CCF22AE730C4007CD1BF /* Sources */ = {
			isa = PBXGroup;
			children = (
				6E93CCF42AE730F1007CD1BF /* Scenes */,
				6E93CCF32AE730D3007CD1BF /* App */,
			);
			path = Sources;
			sourceTree = "<group>";
		};
		6E93CCF32AE730D3007CD1BF /* App */ = {
			isa = PBXGroup;
			children = (
				6E93CCDD2AE72F74007CD1BF /* AppDelegate.swift */,
				6E93CCDF2AE72F74007CD1BF /* SceneDelegate.swift */,
			);
			path = App;
			sourceTree = "<group>";
		};
		6E93CCF42AE730F1007CD1BF /* Scenes */ = {
			isa = PBXGroup;
			children = (
				6E93CCE12AE72F74007CD1BF /* ViewController.swift */,
				6E22A6392AE84C46008D899E /* Model.swift */,
				6E22A63B2AEABE50008D899E /* StandartCell.swift */,
				6E22A6372AE84765008D899E /*  CustomSwitchCell.swift */,
				6E22A63D2AEAD259008D899E /* CustomNotificationCell.swift */,
			);
			path = Scenes;
			sourceTree = "<group>";
		};
/* End PBXGroup section */

/* Begin PBXNativeTarget section */
		6E93CCD92AE72F74007CD1BF /* HW13 */ = {
			isa = PBXNativeTarget;
			buildConfigurationList = 6E93CCEE2AE72F76007CD1BF /* Build configuration list for PBXNativeTarget "HW13" */;
			buildPhases = (
				6E93CCD62AE72F74007CD1BF /* Sources */,
				6E93CCD72AE72F74007CD1BF /* Frameworks */,
				6E93CCD82AE72F74007CD1BF /* Resources */,
			);
			buildRules = (
			);
			dependencies = (
			);
			name = HW13;
			productName = HW13;
			productReference = 6E93CCDA2AE72F74007CD1BF /* HW13.app */;
			productType = "com.apple.product-type.application";
		};
/* End PBXNativeTarget section */

/* Begin PBXProject section */
		6E93CCD22AE72F74007CD1BF /* Project object */ = {
			isa = PBXProject;
			attributes = {
				BuildIndependentTargetsInParallel = 1;
				LastSwiftUpdateCheck = 1500;
				LastUpgradeCheck = 1500;
				TargetAttributes = {
					6E93CCD92AE72F74007CD1BF = {
						CreatedOnToolsVersion = 15.0;
					};
				};
			};
			buildConfigurationList = 6E93CCD52AE72F74007CD1BF /* Build configuration list for PBXProject "HW13" */;
			compatibilityVersion = "Xcode 14.0";
			developmentRegion = en;
			hasScannedForEncodings = 0;
			knownRegions = (
				en,
				Base,
			);
			mainGroup = 6E93CCD12AE72F74007CD1BF;
			productRefGroup = 6E93CCDB2AE72F74007CD1BF /* Products */;
			projectDirPath = "";
			projectRoot = "";
			targets = (
				6E93CCD92AE72F74007CD1BF /* HW13 */,
			);
		};
/* End PBXProject section */

/* Begin PBXResourcesBuildPhase section */
		6E93CCD82AE72F74007CD1BF /* Resources */ = {
			isa = PBXResourcesBuildPhase;
			buildActionMask = 2147483647;
			files = (
				6E93CCEA2AE72F76007CD1BF /* LaunchScreen.storyboard in Resources */,
				6E93CCE72AE72F76007CD1BF /* Assets.xcassets in Resources */,
				6E93CCE52AE72F74007CD1BF /* Main.storyboard in Resources */,
			);
			runOnlyForDeploymentPostprocessing = 0;
		};
/* End PBXResourcesBuildPhase section */

/* Begin PBXSourcesBuildPhase section */
		6E93CCD62AE72F74007CD1BF /* Sources */ = {
			isa = PBXSourcesBuildPhase;
			buildActionMask = 2147483647;
			files = (
				6E22A63A2AE84C46008D899E /* Model.swift in Sources */,
				6E93CCE22AE72F74007CD1BF /* ViewController.swift in Sources */,
				6E22A63C2AEABE50008D899E /* StandartCell.swift in Sources */,
				6E22A6382AE84765008D899E /*  CustomSwitchCell.swift in Sources */,
				6E93CCDE2AE72F74007CD1BF /* AppDelegate.swift in Sources */,
				6E22A63E2AEAD259008D899E /* CustomNotificationCell.swift in Sources */,
				6E93CCE02AE72F74007CD1BF /* SceneDelegate.swift in Sources */,
			);
			runOnlyForDeploymentPostprocessing = 0;
		};
/* End PBXSourcesBuildPhase section */

/* Begin PBXVariantGroup section */
		6E93CCE32AE72F74007CD1BF /* Main.storyboard */ = {
			isa = PBXVariantGroup;
			children = (
				6E93CCE42AE72F74007CD1BF /* Base */,
			);
			name = Main.storyboard;
			sourceTree = "<group>";
		};
		6E93CCE82AE72F76007CD1BF /* LaunchScreen.storyboard */ = {
			isa = PBXVariantGroup;
			children = (
				6E93CCE92AE72F76007CD1BF /* Base */,
			);
			name = LaunchScreen.storyboard;
			sourceTree = "<group>";
		};
/* End PBXVariantGroup section */

/* Begin XCBuildConfiguration section */
		6E93CCEC2AE72F76007CD1BF /* Debug */ = {
			isa = XCBuildConfiguration;
			buildSettings = {
				ALWAYS_SEARCH_USER_PATHS = NO;
				ASSETCATALOG_COMPILER_GENERATE_SWIFT_ASSET_SYMBOL_EXTENSIONS = YES;
				CLANG_ANALYZER_NONNULL = YES;
				CLANG_ANALYZER_NUMBER_OBJECT_CONVERSION = YES_AGGRESSIVE;
				CLANG_CXX_LANGUAGE_STANDARD = "gnu++20";
				CLANG_ENABLE_MODULES = YES;
				CLANG_ENABLE_OBJC_ARC = YES;
				CLANG_ENABLE_OBJC_WEAK = YES;
				CLANG_WARN_BLOCK_CAPTURE_AUTORELEASING = YES;
				CLANG_WARN_BOOL_CONVERSION = YES;
				CLANG_WARN_COMMA = YES;
				CLANG_WARN_CONSTANT_CONVERSION = YES;
				CLANG_WARN_DEPRECATED_OBJC_IMPLEMENTATIONS = YES;
				CLANG_WARN_DIRECT_OBJC_ISA_USAGE = YES_ERROR;
				CLANG_WARN_DOCUMENTATION_COMMENTS = YES;
				CLANG_WARN_EMPTY_BODY = YES;
				CLANG_WARN_ENUM_CONVERSION = YES;
				CLANG_WARN_INFINITE_RECURSION = YES;
				CLANG_WARN_INT_CONVERSION = YES;
				CLANG_WARN_NON_LITERAL_NULL_CONVERSION = YES;
				CLANG_WARN_OBJC_IMPLICIT_RETAIN_SELF = YES;
				CLANG_WARN_OBJC_LITERAL_CONVERSION = YES;
				CLANG_WARN_OBJC_ROOT_CLASS = YES_ERROR;
				CLANG_WARN_QUOTED_INCLUDE_IN_FRAMEWORK_HEADER = YES;
				CLANG_WARN_RANGE_LOOP_ANALYSIS = YES;
				CLANG_WARN_STRICT_PROTOTYPES = YES;
				CLANG_WARN_SUSPICIOUS_MOVE = YES;
				CLANG_WARN_UNGUARDED_AVAILABILITY = YES_AGGRESSIVE;
				CLANG_WARN_UNREACHABLE_CODE = YES;
				CLANG_WARN__DUPLICATE_METHOD_MATCH = YES;
				COPY_PHASE_STRIP = NO;
				DEBUG_INFORMATION_FORMAT = dwarf;
				ENABLE_STRICT_OBJC_MSGSEND = YES;
				ENABLE_TESTABILITY = YES;
				ENABLE_USER_SCRIPT_SANDBOXING = YES;
				GCC_C_LANGUAGE_STANDARD = gnu17;
				GCC_DYNAMIC_NO_PIC = NO;
				GCC_NO_COMMON_BLOCKS = YES;
				GCC_OPTIMIZATION_LEVEL = 0;
				GCC_PREPROCESSOR_DEFINITIONS = (
					"DEBUG=1",
					"$(inherited)",
				);
				GCC_WARN_64_TO_32_BIT_CONVERSION = YES;
				GCC_WARN_ABOUT_RETURN_TYPE = YES_ERROR;
				GCC_WARN_UNDECLARED_SELECTOR = YES;
				GCC_WARN_UNINITIALIZED_AUTOS = YES_AGGRESSIVE;
				GCC_WARN_UNUSED_FUNCTION = YES;
				GCC_WARN_UNUSED_VARIABLE = YES;
				IPHONEOS_DEPLOYMENT_TARGET = 17.0;
				LOCALIZATION_PREFERS_STRING_CATALOGS = YES;
				MTL_ENABLE_DEBUG_INFO = INCLUDE_SOURCE;
				MTL_FAST_MATH = YES;
				ONLY_ACTIVE_ARCH = YES;
				SDKROOT = iphoneos;
				SWIFT_ACTIVE_COMPILATION_CONDITIONS = "DEBUG $(inherited)";
				SWIFT_OPTIMIZATION_LEVEL = "-Onone";
			};
			name = Debug;
		};
		6E93CCED2AE72F76007CD1BF /* Release */ = {
			isa = XCBuildConfiguration;
			buildSettings = {
				ALWAYS_SEARCH_USER_PATHS = NO;
				ASSETCATALOG_COMPILER_GENERATE_SWIFT_ASSET_SYMBOL_EXTENSIONS = YES;
				CLANG_ANALYZER_NONNULL = YES;
				CLANG_ANALYZER_NUMBER_OBJECT_CONVERSION = YES_AGGRESSIVE;
				CLANG_CXX_LANGUAGE_STANDARD = "gnu++20";
				CLANG_ENABLE_MODULES = YES;
				CLANG_ENABLE_OBJC_ARC = YES;
				CLANG_ENABLE_OBJC_WEAK = YES;
				CLANG_WARN_BLOCK_CAPTURE_AUTORELEASING = YES;
				CLANG_WARN_BOOL_CONVERSION = YES;
				CLANG_WARN_COMMA = YES;
				CLANG_WARN_CONSTANT_CONVERSION = YES;
				CLANG_WARN_DEPRECATED_OBJC_IMPLEMENTATIONS = YES;
				CLANG_WARN_DIRECT_OBJC_ISA_USAGE = YES_ERROR;
				CLANG_WARN_DOCUMENTATION_COMMENTS = YES;
				CLANG_WARN_EMPTY_BODY = YES;
				CLANG_WARN_ENUM_CONVERSION = YES;
				CLANG_WARN_INFINITE_RECURSION = YES;
				CLANG_WARN_INT_CONVERSION = YES;
				CLANG_WARN_NON_LITERAL_NULL_CONVERSION = YES;
				CLANG_WARN_OBJC_IMPLICIT_RETAIN_SELF = YES;
				CLANG_WARN_OBJC_LITERAL_CONVERSION = YES;
				CLANG_WARN_OBJC_ROOT_CLASS = YES_ERROR;
				CLANG_WARN_QUOTED_INCLUDE_IN_FRAMEWORK_HEADER = YES;
				CLANG_WARN_RANGE_LOOP_ANALYSIS = YES;
				CLANG_WARN_STRICT_PROTOTYPES = YES;
				CLANG_WARN_SUSPICIOUS_MOVE = YES;
				CLANG_WARN_UNGUARDED_AVAILABILITY = YES_AGGRESSIVE;
				CLANG_WARN_UNREACHABLE_CODE = YES;
				CLANG_WARN__DUPLICATE_METHOD_MATCH = YES;
				COPY_PHASE_STRIP = NO;
				DEBUG_INFORMATION_FORMAT = "dwarf-with-dsym";
				ENABLE_NS_ASSERTIONS = NO;
				ENABLE_STRICT_OBJC_MSGSEND = YES;
				ENABLE_USER_SCRIPT_SANDBOXING = YES;
				GCC_C_LANGUAGE_STANDARD = gnu17;
				GCC_NO_COMMON_BLOCKS = YES;
				GCC_WARN_64_TO_32_BIT_CONVERSION = YES;
				GCC_WARN_ABOUT_RETURN_TYPE = YES_ERROR;
				GCC_WARN_UNDECLARED_SELECTOR = YES;
				GCC_WARN_UNINITIALIZED_AUTOS = YES_AGGRESSIVE;
				GCC_WARN_UNUSED_FUNCTION = YES;
				GCC_WARN_UNUSED_VARIABLE = YES;
				IPHONEOS_DEPLOYMENT_TARGET = 17.0;
				LOCALIZATION_PREFERS_STRING_CATALOGS = YES;
				MTL_ENABLE_DEBUG_INFO = NO;
				MTL_FAST_MATH = YES;
				SDKROOT = iphoneos;
				SWIFT_COMPILATION_MODE = wholemodule;
				VALIDATE_PRODUCT = YES;
			};
			name = Release;
		};
		6E93CCEF2AE72F76007CD1BF /* Debug */ = {
			isa = XCBuildConfiguration;
			buildSettings = {
				ASSETCATALOG_COMPILER_APPICON_NAME = AppIcon;
				ASSETCATALOG_COMPILER_GLOBAL_ACCENT_COLOR_NAME = AccentColor;
				CODE_SIGN_STYLE = Automatic;
				CURRENT_PROJECT_VERSION = 1;
				DEVELOPMENT_TEAM = UGU4YXN2T7;
				GENERATE_INFOPLIST_FILE = YES;
				INFOPLIST_FILE = HW13/Resources/Info.plist;
				INFOPLIST_KEY_UIApplicationSupportsIndirectInputEvents = YES;
				INFOPLIST_KEY_UILaunchStoryboardName = LaunchScreen;
				INFOPLIST_KEY_UIMainStoryboardFile = Main;
				INFOPLIST_KEY_UISupportedInterfaceOrientations_iPad = "UIInterfaceOrientationPortrait UIInterfaceOrientationPortraitUpsideDown UIInterfaceOrientationLandscapeLeft UIInterfaceOrientationLandscapeRight";
				INFOPLIST_KEY_UISupportedInterfaceOrientations_iPhone = "UIInterfaceOrientationPortrait UIInterfaceOrientationLandscapeLeft UIInterfaceOrientationLandscapeRight";
				IPHONEOS_DEPLOYMENT_TARGET = 17.0;
				LD_RUNPATH_SEARCH_PATHS = (
					"$(inherited)",
					"@executable_path/Frameworks",
				);
				MARKETING_VERSION = 1.0;
				PRODUCT_BUNDLE_IDENTIFIER = MDF.HW13;
				PRODUCT_NAME = "$(TARGET_NAME)";
				SWIFT_EMIT_LOC_STRINGS = YES;
				SWIFT_VERSION = 5.0;
				TARGETED_DEVICE_FAMILY = "1,2";
			};
			name = Debug;
		};
		6E93CCF02AE72F76007CD1BF /* Release */ = {
			isa = XCBuildConfiguration;
			buildSettings = {
				ASSETCATALOG_COMPILER_APPICON_NAME = AppIcon;
				ASSETCATALOG_COMPILER_GLOBAL_ACCENT_COLOR_NAME = AccentColor;
				CODE_SIGN_STYLE = Automatic;
				CURRENT_PROJECT_VERSION = 1;
				DEVELOPMENT_TEAM = UGU4YXN2T7;
				GENERATE_INFOPLIST_FILE = YES;
				INFOPLIST_FILE = HW13/Resources/Info.plist;
				INFOPLIST_KEY_UIApplicationSupportsIndirectInputEvents = YES;
				INFOPLIST_KEY_UILaunchStoryboardName = LaunchScreen;
				INFOPLIST_KEY_UIMainStoryboardFile = Main;
				INFOPLIST_KEY_UISupportedInterfaceOrientations_iPad = "UIInterfaceOrientationPortrait UIInterfaceOrientationPortraitUpsideDown UIInterfaceOrientationLandscapeLeft UIInterfaceOrientationLandscapeRight";
				INFOPLIST_KEY_UISupportedInterfaceOrientations_iPhone = "UIInterfaceOrientationPortrait UIInterfaceOrientationLandscapeLeft UIInterfaceOrientationLandscapeRight";
				IPHONEOS_DEPLOYMENT_TARGET = 17.0;
				LD_RUNPATH_SEARCH_PATHS = (
					"$(inherited)",
					"@executable_path/Frameworks",
				);
				MARKETING_VERSION = 1.0;
				PRODUCT_BUNDLE_IDENTIFIER = MDF.HW13;
				PRODUCT_NAME = "$(TARGET_NAME)";
				SWIFT_EMIT_LOC_STRINGS = YES;
				SWIFT_VERSION = 5.0;
				TARGETED_DEVICE_FAMILY = "1,2";
			};
			name = Release;
		};
/* End XCBuildConfiguration section */

/* Begin XCConfigurationList section */
		6E93CCD52AE72F74007CD1BF /* Build configuration list for PBXProject "HW13" */ = {
			isa = XCConfigurationList;
			buildConfigurations = (
				6E93CCEC2AE72F76007CD1BF /* Debug */,
				6E93CCED2AE72F76007CD1BF /* Release */,
			);
			defaultConfigurationIsVisible = 0;
			defaultConfigurationName = Release;
		};
		6E93CCEE2AE72F76007CD1BF /* Build configuration list for PBXNativeTarget "HW13" */ = {
			isa = XCConfigurationList;
			buildConfigurations = (
				6E93CCEF2AE72F76007CD1BF /* Debug */,
				6E93CCF02AE72F76007CD1BF /* Release */,
			);
			defaultConfigurationIsVisible = 0;
			defaultConfigurationName = Release;
		};
/* End XCConfigurationList section */
	};
	rootObject = 6E93CCD22AE72F74007CD1BF /* Project object */;
}
